
Microsoft Visual Studio Solution File, Format Version 12.00
# Visual Studio Version 16
VisualStudioVersion = 16.0.30320.27
MinimumVisualStudioVersion = 10.0.40219.1
Project("{9A19103F-16F7-4668-BE54-9A1E7A4F7556}") = "Database", "Database\Database.csproj", "{F3F6ED79-39A9-4AE3-AF96-719DF5B954C0}"
EndProject
Project("{9A19103F-16F7-4668-BE54-9A1E7A4F7556}") = "Business", "Business\Business.csproj", "{4493F1F1-5DFC-41C7-B9C2-E28665CC1BDF}"
EndProject
Project("{9A19103F-16F7-4668-BE54-9A1E7A4F7556}") = "UI", "UI\UI.csproj", "{DC3F1198-5C85-454F-9A51-41D28D04AE3A}"
EndProject
Project("{FAE04EC0-301F-11D3-BF4B-00C04F79EFBC}") = "WebUI", "WebUI\WebUI.csproj", "{BC350720-F1A5-4DEC-8FF8-2ED01427FC05}"
EndProject
Global
	GlobalSection(SolutionConfigurationPlatforms) = preSolution
		Debug|Any CPU = Debug|Any CPU
		Release|Any CPU = Release|Any CPU
	EndGlobalSection
	GlobalSection(ProjectConfigurationPlatforms) = postSolution
		{F3F6ED79-39A9-4AE3-AF96-719DF5B954C0}.Debug|Any CPU.ActiveCfg = Debug|Any CPU
		{F3F6ED79-39A9-4AE3-AF96-719DF5B954C0}.Debug|Any CPU.Build.0 = Debug|Any CPU
		{F3F6ED79-39A9-4AE3-AF96-719DF5B954C0}.Release|Any CPU.ActiveCfg = Release|Any CPU
		{F3F6ED79-39A9-4AE3-AF96-719DF5B954C0}.Release|Any CPU.Build.0 = Release|Any CPU
		{4493F1F1-5DFC-41C7-B9C2-E28665CC1BDF}.Debug|Any CPU.ActiveCfg = Debug|Any CPU
		{4493F1F1-5DFC-41C7-B9C2-E28665CC1BDF}.Debug|Any CPU.Build.0 = Debug|Any CPU
		{4493F1F1-5DFC-41C7-B9C2-E28665CC1BDF}.Release|Any CPU.ActiveCfg = Release|Any CPU
		{4493F1F1-5DFC-41C7-B9C2-E28665CC1BDF}.Release|Any CPU.Build.0 = Release|Any CPU
		{DC3F1198-5C85-454F-9A51-41D28D04AE3A}.Debug|Any CPU.ActiveCfg = Debug|Any CPU
		{DC3F1198-5C85-454F-9A51-41D28D04AE3A}.Debug|Any CPU.Build.0 = Debug|Any CPU
		{DC3F1198-5C85-454F-9A51-41D28D04AE3A}.Release|Any CPU.ActiveCfg = Release|Any CPU
		{DC3F1198-5C85-454F-9A51-41D28D04AE3A}.Release|Any CPU.Build.0 = Release|Any CPU
		{BC350720-F1A5-4DEC-8FF8-2ED01427FC05}.Debug|Any CPU.ActiveCfg = Debug|Any CPU
		{BC350720-F1A5-4DEC-8FF8-2ED01427FC05}.Debug|Any CPU.Build.0 = Debug|Any CPU
		{BC350720-F1A5-4DEC-8FF8-2ED01427FC05}.Release|Any CPU.ActiveCfg = Release|Any CPU
		{BC350720-F1A5-4DEC-8FF8-2ED01427FC05}.Release|Any CPU.Build.0 = Release|Any CPU
	EndGlobalSection
	GlobalSection(SolutionProperties) = preSolution
		HideSolutionNode = FALSE
	EndGlobalSection
	GlobalSection(ExtensibilityGlobals) = postSolution
		SolutionGuid = {1D3B255C-B7FA-40E9-BE88-78F2463E0071}
	EndGlobalSection
EndGlobal
